
Microsoft Visual Studio Solution File, Format Version 12.00
# Visual Studio Version 16
VisualStudioVersion = 16.0.32510.428
MinimumVisualStudioVersion = 10.0.40219.1
Project("{8BC9CEB8-8B4A-11D0-8D11-00A0C91BC942}") = "多项式", "多项式\多项式.vcxproj", "{FF030967-9D2F-4E8D-AE97-FB7E57F7409C}"
EndProject
Global
	GlobalSection(SolutionConfigurationPlatforms) = preSolution
		Debug|x64 = Debug|x64
		Debug|x86 = Debug|x86
		Release|x64 = Release|x64
		Release|x86 = Release|x86
	EndGlobalSection
	GlobalSection(ProjectConfigurationPlatforms) = postSolution
		{FF030967-9D2F-4E8D-AE97-FB7E57F7409C}.Debug|x64.ActiveCfg = Debug|x64
		{FF030967-9D2F-4E8D-AE97-FB7E57F7409C}.Debug|x64.Build.0 = Debug|x64
		{FF030967-9D2F-4E8D-AE97-FB7E57F7409C}.Debug|x86.ActiveCfg = Debug|Win32
		{FF030967-9D2F-4E8D-AE97-FB7E57F7409C}.Debug|x86.Build.0 = Debug|Win32
		{FF030967-9D2F-4E8D-AE97-FB7E57F7409C}.Release|x64.ActiveCfg = Release|x64
		{FF030967-9D2F-4E8D-AE97-FB7E57F7409C}.Release|x64.Build.0 = Release|x64
		{FF030967-9D2F-4E8D-AE97-FB7E57F7409C}.Release|x86.ActiveCfg = Release|Win32
		{FF030967-9D2F-4E8D-AE97-FB7E57F7409C}.Release|x86.Build.0 = Release|Win32
	EndGlobalSection
	GlobalSection(SolutionProperties) = preSolution
		HideSolutionNode = FALSE
	EndGlobalSection
	GlobalSection(ExtensibilityGlobals) = postSolution
		SolutionGuid = {A07387FF-8624-4039-91B4-9DF65995F403}
	EndGlobalSection
EndGlobal
